Microsoft Visual Studio Solution File, Format Version 11.00
# Visual Studio 2008

Project("{5A7C4D1C-E3F1-32BA-E66A-84A58992F6A6}") = "DJGame", "Assembly-CSharp.csproj", "{62700A97-EA0A-1C0B-1110-193C366DA229}"
EndProject
Global
	GlobalSection(SolutionConfigurationPlatforms) = preSolution
		Debug|Any CPU = Debug|Any CPU
		Release|Any CPU = Release|Any CPU
	EndGlobalSection
	GlobalSection(ProjectConfigurationPlatforms) = postSolution
		{62700A97-EA0A-1C0B-1110-193C366DA229}.Debug|Any CPU.ActiveCfg = Debug|Any CPU
		{62700A97-EA0A-1C0B-1110-193C366DA229}.Debug|Any CPU.Build.0 = Debug|Any CPU
		{62700A97-EA0A-1C0B-1110-193C366DA229}.Release|Any CPU.ActiveCfg = Release|Any CPU
		{62700A97-EA0A-1C0B-1110-193C366DA229}.Release|Any CPU.Build.0 = Release|Any CPU
	EndGlobalSection
	GlobalSection(SolutionProperties) = preSolution
		HideSolutionNode = FALSE
	EndGlobalSection
	GlobalSection(MonoDevelopProperties) = preSolution
		StartupItem = Assembly-CSharp.csproj
	EndGlobalSection
EndGlobal
